
Microsoft Visual Studio Solution File, Format Version 12.00
# Visual Studio Version 16
VisualStudioVersion = 16.0.32602.291
MinimumVisualStudioVersion = 10.0.40219.1
Project("{FAE04EC0-301F-11D3-BF4B-00C04F79EFBC}") = "CNTT_Watch", "CNTT_Watch\CNTT_Watch.csproj", "{B6818354-E704-4DD9-BAB8-841F862C6D56}"
EndProject
Global
	GlobalSection(SolutionConfigurationPlatforms) = preSolution
		Debug|Any CPU = Debug|Any CPU
		Release|Any CPU = Release|Any CPU
	EndGlobalSection
	GlobalSection(ProjectConfigurationPlatforms) = postSolution
		{B6818354-E704-4DD9-BAB8-841F862C6D56}.Debug|Any CPU.ActiveCfg = Debug|Any CPU
		{B6818354-E704-4DD9-BAB8-841F862C6D56}.Debug|Any CPU.Build.0 = Debug|Any CPU
		{B6818354-E704-4DD9-BAB8-841F862C6D56}.Release|Any CPU.ActiveCfg = Release|Any CPU
		{B6818354-E704-4DD9-BAB8-841F862C6D56}.Release|Any CPU.Build.0 = Release|Any CPU
	EndGlobalSection
	GlobalSection(SolutionProperties) = preSolution
		HideSolutionNode = FALSE
	EndGlobalSection
	GlobalSection(ExtensibilityGlobals) = postSolution
		SolutionGuid = {94342674-10AB-4195-AD46-F5F517A54D27}
	EndGlobalSection
EndGlobal
